// !$*UTF8*$!
{
	archiveVersion = 1;
	classes = {
	};
	objectVersion = 46;
	objects = {

/* Begin PBXBuildFile section */
		0766FE111A2AF26C00D9F08B /* board.cpp in Sources */ = {isa = PBXBuildFile; fileRef = 0766FE0F1A2AF26C00D9F08B /* board.cpp */; };
		07AC0EC21A2A4F8B00418DA2 /* chessmen.cpp in Sources */ = {isa = PBXBuildFile; fileRef = 07AC0EC01A2A4F8B00418DA2 /* chessmen.cpp */; };
		07B8CD751A3B9AF70026C9F5 /* main.cpp in Sources */ = {isa = PBXBuildFile; fileRef = 07B8CD741A3B9AF70026C9F5 /* main.cpp */; };
		07EBBD711A3CA60B00BD8978 /* SDLMain.m in Sources */ = {isa = PBXBuildFile; fileRef = 07EBBD701A3CA60B00BD8978 /* SDLMain.m */; };
		07EBBD731A3CA62400BD8978 /* Cocoa.framework in Frameworks */ = {isa = PBXBuildFile; fileRef = 07EBBD721A3CA62400BD8978 /* Cocoa.framework */; };
		07EBBD751A3CA62900BD8978 /* OpenGL.framework in Frameworks */ = {isa = PBXBuildFile; fileRef = 07EBBD741A3CA62900BD8978 /* OpenGL.framework */; };
		07EBBD781A3CA63A00BD8978 /* SDL_image.framework in Frameworks */ = {isa = PBXBuildFile; fileRef = 07EBBD761A3CA63A00BD8978 /* SDL_image.framework */; };
		07EBBD791A3CA63A00BD8978 /* SDL.framework in Frameworks */ = {isa = PBXBuildFile; fileRef = 07EBBD771A3CA63A00BD8978 /* SDL.framework */; };
		07EBBD7C1A3CAAD700BD8978 /* chess.cpp in Sources */ = {isa = PBXBuildFile; fileRef = 07EBBD7A1A3CAAD700BD8978 /* chess.cpp */; };
/* End PBXBuildFile section */

/* Begin PBXCopyFilesBuildPhase section */
		07AC0EB01A2A4D3300418DA2 /* CopyFiles */ = {
			isa = PBXCopyFilesBuildPhase;
			buildActionMask = 2147483647;
			dstPath = /usr/share/man/man1/;
			dstSubfolderSpec = 0;
			files = (
			);
			runOnlyForDeploymentPostprocessing = 1;
		};
/* End PBXCopyFilesBuildPhase section */

/* Begin PBXFileReference section */
		0766FE0F1A2AF26C00D9F08B /* board.cpp */ = {isa = PBXFileReference; fileEncoding = 4; lastKnownFileType = sourcecode.cpp.cpp; path = board.cpp; sourceTree = SOURCE_ROOT; };
		0766FE101A2AF26C00D9F08B /* board.h */ = {isa = PBXFileReference; fileEncoding = 4; lastKnownFileType = sourcecode.c.h; path = board.h; sourceTree = SOURCE_ROOT; };
		07AC0EB21A2A4D3300418DA2 /* Chess */ = {isa = PBXFileReference; explicitFileType = "compiled.mach-o.executable"; includeInIndex = 0; path = Chess; sourceTree = BUILT_PRODUCTS_DIR; };
		07AC0EBF1A2A4E2200418DA2 /* chessHeader.h */ = {isa = PBXFileReference; lastKnownFileType = sourcecode.c.h; name = chessHeader.h; path = ../chessHeader.h; sourceTree = "<group>"; };
		07AC0EC01A2A4F8B00418DA2 /* chessmen.cpp */ = {isa = PBXFileReference; fileEncoding = 4; lastKnownFileType = sourcecode.cpp.cpp; name = chessmen.cpp; path = ../chessmen.cpp; sourceTree = "<group>"; };
		07AC0EC11A2A4F8B00418DA2 /* chessmen.h */ = {isa = PBXFileReference; fileEncoding = 4; lastKnownFileType = sourcecode.c.h; name = chessmen.h; path = ../chessmen.h; sourceTree = "<group>"; };
		07B8CD741A3B9AF70026C9F5 /* main.cpp */ = {isa = PBXFileReference; fileEncoding = 4; lastKnownFileType = sourcecode.cpp.cpp; path = main.cpp; sourceTree = SOURCE_ROOT; };
		07BCD20B1A3BA68E00695C49 /* File */ = {isa = PBXFileReference; fileEncoding = 4; lastKnownFileType = text; path = File; sourceTree = "<group>"; };
		07EBBD6F1A3CA60B00BD8978 /* SDLMain.h */ = {isa = PBXFileReference; fileEncoding = 4; lastKnownFileType = sourcecode.c.h; path = SDLMain.h; sourceTree = SOURCE_ROOT; };
		07EBBD701A3CA60B00BD8978 /* SDLMain.m */ = {isa = PBXFileReference; fileEncoding = 4; lastKnownFileType = sourcecode.c.objc; path = SDLMain.m; sourceTree = SOURCE_ROOT; };
		07EBBD721A3CA62400BD8978 /* Cocoa.framework */ = {isa = PBXFileReference; lastKnownFileType = wrapper.framework; name = Cocoa.framework; path = System/Library/Frameworks/Cocoa.framework; sourceTree = SDKROOT; };
		07EBBD741A3CA62900BD8978 /* OpenGL.framework */ = {isa = PBXFileReference; lastKnownFileType = wrapper.framework; name = OpenGL.framework; path = System/Library/Frameworks/OpenGL.framework; sourceTree = SDKROOT; };
		07EBBD761A3CA63A00BD8978 /* SDL_image.framework */ = {isa = PBXFileReference; lastKnownFileType = wrapper.framework; name = SDL_image.framework; path = ../../../../SDL_image.framework; sourceTree = "<group>"; };
		07EBBD771A3CA63A00BD8978 /* SDL.framework */ = {isa = PBXFileReference; lastKnownFileType = wrapper.framework; name = SDL.framework; path = ../../../../SDL.framework; sourceTree = "<group>"; };
		07EBBD7A1A3CAAD700BD8978 /* chess.cpp */ = {isa = PBXFileReference; fileEncoding = 4; lastKnownFileType = sourcecode.cpp.cpp; path = chess.cpp; sourceTree = "<group>"; };
		07EBBD7B1A3CAAD700BD8978 /* chess.h */ = {isa = PBXFileReference; fileEncoding = 4; lastKnownFileType = sourcecode.c.h; path = chess.h; sourceTree = "<group>"; };
/* End PBXFileReference section */

/* Begin PBXFrameworksBuildPhase section */
		07AC0EAF1A2A4D3300418DA2 /* Frameworks */ = {
			isa = PBXFrameworksBuildPhase;
			buildActionMask = 2147483647;
			files = (
				07EBBD781A3CA63A00BD8978 /* SDL_image.framework in Frameworks */,
				07EBBD791A3CA63A00BD8978 /* SDL.framework in Frameworks */,
				07EBBD751A3CA62900BD8978 /* OpenGL.framework in Frameworks */,
				07EBBD731A3CA62400BD8978 /* Cocoa.framework in Frameworks */,
			);
			runOnlyForDeploymentPostprocessing = 0;
		};
/* End PBXFrameworksBuildPhase section */

/* Begin PBXGroup section */
		07AC0EA91A2A4D3300418DA2 = {
			isa = PBXGroup;
			children = (
				07EBBD761A3CA63A00BD8978 /* SDL_image.framework */,
				07EBBD771A3CA63A00BD8978 /* SDL.framework */,
				07EBBD741A3CA62900BD8978 /* OpenGL.framework */,
				07EBBD721A3CA62400BD8978 /* Cocoa.framework */,
				07AC0EB41A2A4D3300418DA2 /* Chess */,
				07AC0EB31A2A4D3300418DA2 /* Products */,
			);
			sourceTree = "<group>";
		};
		07AC0EB31A2A4D3300418DA2 /* Products */ = {
			isa = PBXGroup;
			children = (
				07AC0EB21A2A4D3300418DA2 /* Chess */,
			);
			name = Products;
			sourceTree = "<group>";
		};
		07AC0EB41A2A4D3300418DA2 /* Chess */ = {
			isa = PBXGroup;
			children = (
				07AC0EC31A2A529E00418DA2 /* header */,
				07AC0EC41A2A52BA00418DA2 /* source */,
				07BCD20B1A3BA68E00695C49 /* File */,
				07EBBD6E1A3CA5EE00BD8978 /* SDL source */,
			);
			path = Chess;
			sourceTree = "<group>";
		};
		07AC0EC31A2A529E00418DA2 /* header */ = {
			isa = PBXGroup;
			children = (
				07AC0EBF1A2A4E2200418DA2 /* chessHeader.h */,
				07AC0EC11A2A4F8B00418DA2 /* chessmen.h */,
				0766FE101A2AF26C00D9F08B /* board.h */,
				07EBBD7B1A3CAAD700BD8978 /* chess.h */,
			);
			name = header;
			sourceTree = "<group>";
		};
		07AC0EC41A2A52BA00418DA2 /* source */ = {
			isa = PBXGroup;
			children = (
				0766FE0F1A2AF26C00D9F08B /* board.cpp */,
				07AC0EC01A2A4F8B00418DA2 /* chessmen.cpp */,
				07B8CD741A3B9AF70026C9F5 /* main.cpp */,
				07EBBD7A1A3CAAD700BD8978 /* chess.cpp */,
			);
			name = source;
			sourceTree = "<group>";
		};
		07EBBD6E1A3CA5EE00BD8978 /* SDL source */ = {
			isa = PBXGroup;
			children = (
				07EBBD6F1A3CA60B00BD8978 /* SDLMain.h */,
				07EBBD701A3CA60B00BD8978 /* SDLMain.m */,
			);
			name = "SDL source";
			sourceTree = "<group>";
		};
/* End PBXGroup section */

/* Begin PBXNativeTarget section */
		07AC0EB11A2A4D3300418DA2 /* Chess */ = {
			isa = PBXNativeTarget;
			buildConfigurationList = 07AC0EB91A2A4D3400418DA2 /* Build configuration list for PBXNativeTarget "Chess" */;
			buildPhases = (
				07AC0EAE1A2A4D3300418DA2 /* Sources */,
				07AC0EAF1A2A4D3300418DA2 /* Frameworks */,
				07AC0EB01A2A4D3300418DA2 /* CopyFiles */,
			);
			buildRules = (
			);
			dependencies = (
			);
			name = Chess;
			productName = Chess;
			productReference = 07AC0EB21A2A4D3300418DA2 /* Chess */;
			productType = "com.apple.product-type.tool";
		};
/* End PBXNativeTarget section */

/* Begin PBXProject section */
		07AC0EAA1A2A4D3300418DA2 /* Project object */ = {
			isa = PBXProject;
			attributes = {
				LastUpgradeCheck = 0610;
				ORGANIZATIONNAME = ARSC;
				TargetAttributes = {
					07AC0EB11A2A4D3300418DA2 = {
						CreatedOnToolsVersion = 6.1;
					};
				};
			};
			buildConfigurationList = 07AC0EAD1A2A4D3300418DA2 /* Build configuration list for PBXProject "Chess" */;
			compatibilityVersion = "Xcode 3.2";
			developmentRegion = English;
			hasScannedForEncodings = 0;
			knownRegions = (
				en,
			);
			mainGroup = 07AC0EA91A2A4D3300418DA2;
			productRefGroup = 07AC0EB31A2A4D3300418DA2 /* Products */;
			projectDirPath = "";
			projectRoot = "";
			targets = (
				07AC0EB11A2A4D3300418DA2 /* Chess */,
			);
		};
/* End PBXProject section */

/* Begin PBXSourcesBuildPhase section */
		07AC0EAE1A2A4D3300418DA2 /* Sources */ = {
			isa = PBXSourcesBuildPhase;
			buildActionMask = 2147483647;
			files = (
				0766FE111A2AF26C00D9F08B /* board.cpp in Sources */,
				07AC0EC21A2A4F8B00418DA2 /* chessmen.cpp in Sources */,
				07B8CD751A3B9AF70026C9F5 /* main.cpp in Sources */,
				07EBBD7C1A3CAAD700BD8978 /* chess.cpp in Sources */,
				07EBBD711A3CA60B00BD8978 /* SDLMain.m in Sources */,
			);
			runOnlyForDeploymentPostprocessing = 0;
		};
/* End PBXSourcesBuildPhase section */

/* Begin XCBuildConfiguration section */
		07AC0EB71A2A4D3400418DA2 /* Debug */ = {
			isa = XCBuildConfiguration;
			buildSettings = {
				ALWAYS_SEARCH_USER_PATHS = NO;
				CLANG_CXX_LANGUAGE_STANDARD = "gnu++0x";
				CLANG_CXX_LIBRARY = "libc++";
				CLANG_ENABLE_MODULES = YES;
				CLANG_ENABLE_OBJC_ARC = YES;
				CLANG_WARN_BOOL_CONVERSION = YES;
				CLANG_WARN_CONSTANT_CONVERSION = YES;
				CLANG_WARN_DIRECT_OBJC_ISA_USAGE = YES_ERROR;
				CLANG_WARN_EMPTY_BODY = YES;
				CLANG_WARN_ENUM_CONVERSION = YES;
				CLANG_WARN_INT_CONVERSION = YES;
				CLANG_WARN_OBJC_ROOT_CLASS = YES_ERROR;
				CLANG_WARN_UNREACHABLE_CODE = YES;
				CLANG_WARN__DUPLICATE_METHOD_MATCH = YES;
				COPY_PHASE_STRIP = NO;
				ENABLE_STRICT_OBJC_MSGSEND = YES;
				GCC_C_LANGUAGE_STANDARD = gnu99;
				GCC_DYNAMIC_NO_PIC = NO;
				GCC_OPTIMIZATION_LEVEL = 0;
				GCC_PREPROCESSOR_DEFINITIONS = (
					"DEBUG=1",
					"$(inherited)",
				);
				GCC_SYMBOLS_PRIVATE_EXTERN = NO;
				GCC_WARN_64_TO_32_BIT_CONVERSION = YES;
				GCC_WARN_ABOUT_RETURN_TYPE = YES_ERROR;
				GCC_WARN_UNDECLARED_SELECTOR = YES;
				GCC_WARN_UNINITIALIZED_AUTOS = YES_AGGRESSIVE;
				GCC_WARN_UNUSED_FUNCTION = YES;
				GCC_WARN_UNUSED_VARIABLE = YES;
				MACOSX_DEPLOYMENT_TARGET = 10.10;
				MTL_ENABLE_DEBUG_INFO = YES;
				ONLY_ACTIVE_ARCH = YES;
				SDKROOT = macosx;
			};
			name = Debug;
		};
		07AC0EB81A2A4D3400418DA2 /* Release */ = {
			isa = XCBuildConfiguration;
			buildSettings = {
				ALWAYS_SEARCH_USER_PATHS = NO;
				CLANG_CXX_LANGUAGE_STANDARD = "gnu++0x";
				CLANG_CXX_LIBRARY = "libc++";
				CLANG_ENABLE_MODULES = YES;
				CLANG_ENABLE_OBJC_ARC = YES;
				CLANG_WARN_BOOL_CONVERSION = YES;
				CLANG_WARN_CONSTANT_CONVERSION = YES;
				CLANG_WARN_DIRECT_OBJC_ISA_USAGE = YES_ERROR;
				CLANG_WARN_EMPTY_BODY = YES;
				CLANG_WARN_ENUM_CONVERSION = YES;
				CLANG_WARN_INT_CONVERSION = YES;
				CLANG_WARN_OBJC_ROOT_CLASS = YES_ERROR;
				CLANG_WARN_UNREACHABLE_CODE = YES;
				CLANG_WARN__DUPLICATE_METHOD_MATCH = YES;
				COPY_PHASE_STRIP = YES;
				DEBUG_INFORMATION_FORMAT = "dwarf-with-dsym";
				ENABLE_NS_ASSERTIONS = NO;
				ENABLE_STRICT_OBJC_MSGSEND = YES;
				GCC_C_LANGUAGE_STANDARD = gnu99;
				GCC_WARN_64_TO_32_BIT_CONVERSION = YES;
				GCC_WARN_ABOUT_RETURN_TYPE = YES_ERROR;
				GCC_WARN_UNDECLARED_SELECTOR = YES;
				GCC_WARN_UNINITIALIZED_AUTOS = YES_AGGRESSIVE;
				GCC_WARN_UNUSED_FUNCTION = YES;
				GCC_WARN_UNUSED_VARIABLE = YES;
				MACOSX_DEPLOYMENT_TARGET = 10.10;
				MTL_ENABLE_DEBUG_INFO = NO;
				SDKROOT = macosx;
			};
			name = Release;
		};
		07AC0EBA1A2A4D3400418DA2 /* Debug */ = {
			isa = XCBuildConfiguration;
			buildSettings = {
				FRAMEWORK_SEARCH_PATHS = /Users/carlosspaggiari;
				PRODUCT_NAME = "$(TARGET_NAME)";
			};
			name = Debug;
		};
		07AC0EBB1A2A4D3400418DA2 /* Release */ = {
			isa = XCBuildConfiguration;
			buildSettings = {
				FRAMEWORK_SEARCH_PATHS = /Users/carlosspaggiari;
				PRODUCT_NAME = "$(TARGET_NAME)";
			};
			name = Release;
		};
/* End XCBuildConfiguration section */

/* Begin XCConfigurationList section */
		07AC0EAD1A2A4D3300418DA2 /* Build configuration list for PBXProject "Chess" */ = {
			isa = XCConfigurationList;
			buildConfigurations = (
				07AC0EB71A2A4D3400418DA2 /* Debug */,
				07AC0EB81A2A4D3400418DA2 /* Release */,
			);
			defaultConfigurationIsVisible = 0;
			defaultConfigurationName = Release;
		};
		07AC0EB91A2A4D3400418DA2 /* Build configuration list for PBXNativeTarget "Chess" */ = {
			isa = XCConfigurationList;
			buildConfigurations = (
				07AC0EBA1A2A4D3400418DA2 /* Debug */,
				07AC0EBB1A2A4D3400418DA2 /* Release */,
			);
			defaultConfigurationIsVisible = 0;
			defaultConfigurationName = Release;
		};
/* End XCConfigurationList section */
	};
	rootObject = 07AC0EAA1A2A4D3300418DA2 /* Project object */;
}
